
Microsoft Visual Studio Solution File, Format Version 12.00
# Visual Studio Version 16
VisualStudioVersion = 16.0.30517.126
MinimumVisualStudioVersion = 10.0.40219.1
Project("{FAE04EC0-301F-11D3-BF4B-00C04F79EFBC}") = "BlackSheep", "BlackSheep\BlackSheep.csproj", "{54D09161-8EC5-42BD-87E2-56D2030D9CDF}"
EndProject
Project("{FAE04EC0-301F-11D3-BF4B-00C04F79EFBC}") = "Seasons", "Seasons\Seasons.csproj", "{5C4CC4DC-167A-4680-A4A1-B64950655341}"
EndProject
Project("{FAE04EC0-301F-11D3-BF4B-00C04F79EFBC}") = "RandomQuote", "RandomQuote\RandomQuote.csproj", "{26C4CF40-9F43-416E-BA8C-9548B839607B}"
EndProject
Global
	GlobalSection(SolutionConfigurationPlatforms) = preSolution
		Debug|Any CPU = Debug|Any CPU
		Release|Any CPU = Release|Any CPU
	EndGlobalSection
	GlobalSection(ProjectConfigurationPlatforms) = postSolution
		{54D09161-8EC5-42BD-87E2-56D2030D9CDF}.Debug|Any CPU.ActiveCfg = Debug|Any CPU
		{54D09161-8EC5-42BD-87E2-56D2030D9CDF}.Debug|Any CPU.Build.0 = Debug|Any CPU
		{54D09161-8EC5-42BD-87E2-56D2030D9CDF}.Release|Any CPU.ActiveCfg = Release|Any CPU
		{54D09161-8EC5-42BD-87E2-56D2030D9CDF}.Release|Any CPU.Build.0 = Release|Any CPU
		{5C4CC4DC-167A-4680-A4A1-B64950655341}.Debug|Any CPU.ActiveCfg = Debug|Any CPU
		{5C4CC4DC-167A-4680-A4A1-B64950655341}.Debug|Any CPU.Build.0 = Debug|Any CPU
		{5C4CC4DC-167A-4680-A4A1-B64950655341}.Release|Any CPU.ActiveCfg = Release|Any CPU
		{5C4CC4DC-167A-4680-A4A1-B64950655341}.Release|Any CPU.Build.0 = Release|Any CPU
		{26C4CF40-9F43-416E-BA8C-9548B839607B}.Debug|Any CPU.ActiveCfg = Debug|Any CPU
		{26C4CF40-9F43-416E-BA8C-9548B839607B}.Debug|Any CPU.Build.0 = Debug|Any CPU
		{26C4CF40-9F43-416E-BA8C-9548B839607B}.Release|Any CPU.ActiveCfg = Release|Any CPU
		{26C4CF40-9F43-416E-BA8C-9548B839607B}.Release|Any CPU.Build.0 = Release|Any CPU
	EndGlobalSection
	GlobalSection(SolutionProperties) = preSolution
		HideSolutionNode = FALSE
	EndGlobalSection
	GlobalSection(ExtensibilityGlobals) = postSolution
		SolutionGuid = {63B7962F-C25D-4CCC-A8FF-568E014438DB}
	EndGlobalSection
EndGlobal
